
Microsoft Visual Studio Solution File, Format Version 12.00
# Visual Studio Version 17
VisualStudioVersion = 17.14.36109.1 d17.14
MinimumVisualStudioVersion = 10.0.40219.1
Project("{FAE04EC0-301F-11D3-BF4B-00C04F79EFBC}") = "Assignment_Classes_&_Inheritance", "Assignment_Classes_&_Inheritance.csproj", "{DF5432AC-F2F4-4356-B79B-0C4C4266AA59}"
EndProject
Global
	GlobalSection(SolutionConfigurationPlatforms) = preSolution
		Debug|Any CPU = Debug|Any CPU
		Release|Any CPU = Release|Any CPU
	EndGlobalSection
	GlobalSection(ProjectConfigurationPlatforms) = postSolution
		{DF5432AC-F2F4-4356-B79B-0C4C4266AA59}.Debug|Any CPU.ActiveCfg = Debug|Any CPU
		{DF5432AC-F2F4-4356-B79B-0C4C4266AA59}.Debug|Any CPU.Build.0 = Debug|Any CPU
		{DF5432AC-F2F4-4356-B79B-0C4C4266AA59}.Release|Any CPU.ActiveCfg = Release|Any CPU
		{DF5432AC-F2F4-4356-B79B-0C4C4266AA59}.Release|Any CPU.Build.0 = Release|Any CPU
	EndGlobalSection
	GlobalSection(SolutionProperties) = preSolution
		HideSolutionNode = FALSE
	EndGlobalSection
	GlobalSection(ExtensibilityGlobals) = postSolution
		SolutionGuid = {6D06A6B2-A117-47D6-9675-0CD26C61C201}
	EndGlobalSection
EndGlobal
